
Microsoft Visual Studio Solution File, Format Version 12.00
# Visual Studio 14
VisualStudioVersion = 14.0.25420.1
MinimumVisualStudioVersion = 10.0.40219.1
Project("{8BC9CEB8-8B4A-11D0-8D11-00A0C91BC942}") = "libhts", "libhts\libhts.vcxproj", "{89CBBD54-2CE4-4D6C-BC19-03DBDBBDAB68}"
EndProject
Project("{8BC9CEB8-8B4A-11D0-8D11-00A0C91BC942}") = "htsfile", "htsfile\htsfile.vcxproj", "{E92F2A4B-7193-49E2-B428-05DD1C3FA97B}"
	ProjectSection(ProjectDependencies) = postProject
		{00724E4B-E10C-4673-A95E-D0C9F8AE8B4F} = {00724E4B-E10C-4673-A95E-D0C9F8AE8B4F}
		{12728250-16EC-4DC6-94D7-E21DD88947F8} = {12728250-16EC-4DC6-94D7-E21DD88947F8}
		{89CBBD54-2CE4-4D6C-BC19-03DBDBBDAB68} = {89CBBD54-2CE4-4D6C-BC19-03DBDBBDAB68}
		{745DEC58-EBB3-47A9-A9B8-4C6627C01BF8} = {745DEC58-EBB3-47A9-A9B8-4C6627C01BF8}
	EndProjectSection
EndProject
Project("{8BC9CEB8-8B4A-11D0-8D11-00A0C91BC942}") = "thread_pool_test", "thread_pool_test\thread_pool_test.vcxproj", "{B09BF5B1-E73F-4683-954D-7230EBD23140}"
	ProjectSection(ProjectDependencies) = postProject
		{00724E4B-E10C-4673-A95E-D0C9F8AE8B4F} = {00724E4B-E10C-4673-A95E-D0C9F8AE8B4F}
		{12728250-16EC-4DC6-94D7-E21DD88947F8} = {12728250-16EC-4DC6-94D7-E21DD88947F8}
		{89CBBD54-2CE4-4D6C-BC19-03DBDBBDAB68} = {89CBBD54-2CE4-4D6C-BC19-03DBDBBDAB68}
		{745DEC58-EBB3-47A9-A9B8-4C6627C01BF8} = {745DEC58-EBB3-47A9-A9B8-4C6627C01BF8}
	EndProjectSection
EndProject
Project("{8BC9CEB8-8B4A-11D0-8D11-00A0C91BC942}") = "test_view", "test_view\test_view.vcxproj", "{65F08927-1237-46D5-8A49-238BCC7254FE}"
	ProjectSection(ProjectDependencies) = postProject
		{00724E4B-E10C-4673-A95E-D0C9F8AE8B4F} = {00724E4B-E10C-4673-A95E-D0C9F8AE8B4F}
		{12728250-16EC-4DC6-94D7-E21DD88947F8} = {12728250-16EC-4DC6-94D7-E21DD88947F8}
		{89CBBD54-2CE4-4D6C-BC19-03DBDBBDAB68} = {89CBBD54-2CE4-4D6C-BC19-03DBDBBDAB68}
		{745DEC58-EBB3-47A9-A9B8-4C6627C01BF8} = {745DEC58-EBB3-47A9-A9B8-4C6627C01BF8}
	EndProjectSection
EndProject
Project("{8BC9CEB8-8B4A-11D0-8D11-00A0C91BC942}") = "bzip2", "bzip2\bzip2.vcxproj", "{00724E4B-E10C-4673-A95E-D0C9F8AE8B4F}"
EndProject
Project("{8BC9CEB8-8B4A-11D0-8D11-00A0C91BC942}") = "lzma", "lzma\lzma.vcxproj", "{12728250-16EC-4DC6-94D7-E21DD88947F8}"
EndProject
Project("{8BC9CEB8-8B4A-11D0-8D11-00A0C91BC942}") = "zlib", "zlib\zlib.vcxproj", "{745DEC58-EBB3-47A9-A9B8-4C6627C01BF8}"
EndProject
Project("{8BC9CEB8-8B4A-11D0-8D11-00A0C91BC942}") = "bam_build_test", "bam_build_test\bam_build_test.vcxproj", "{A2B829CF-8B98-4D37-9A16-A35534057832}"
	ProjectSection(ProjectDependencies) = postProject
		{00724E4B-E10C-4673-A95E-D0C9F8AE8B4F} = {00724E4B-E10C-4673-A95E-D0C9F8AE8B4F}
		{12728250-16EC-4DC6-94D7-E21DD88947F8} = {12728250-16EC-4DC6-94D7-E21DD88947F8}
		{89CBBD54-2CE4-4D6C-BC19-03DBDBBDAB68} = {89CBBD54-2CE4-4D6C-BC19-03DBDBBDAB68}
		{745DEC58-EBB3-47A9-A9B8-4C6627C01BF8} = {745DEC58-EBB3-47A9-A9B8-4C6627C01BF8}
	EndProjectSection
EndProject
Global
	GlobalSection(SolutionConfigurationPlatforms) = preSolution
		Debug|x64 = Debug|x64
		Debug|x86 = Debug|x86
		Release|x64 = Release|x64
		Release|x86 = Release|x86
	EndGlobalSection
	GlobalSection(ProjectConfigurationPlatforms) = postSolution
		{89CBBD54-2CE4-4D6C-BC19-03DBDBBDAB68}.Debug|x64.ActiveCfg = Debug|x64
		{89CBBD54-2CE4-4D6C-BC19-03DBDBBDAB68}.Debug|x64.Build.0 = Debug|x64
		{89CBBD54-2CE4-4D6C-BC19-03DBDBBDAB68}.Debug|x86.ActiveCfg = Debug|Win32
		{89CBBD54-2CE4-4D6C-BC19-03DBDBBDAB68}.Debug|x86.Build.0 = Debug|Win32
		{89CBBD54-2CE4-4D6C-BC19-03DBDBBDAB68}.Release|x64.ActiveCfg = Release|x64
		{89CBBD54-2CE4-4D6C-BC19-03DBDBBDAB68}.Release|x64.Build.0 = Release|x64
		{89CBBD54-2CE4-4D6C-BC19-03DBDBBDAB68}.Release|x86.ActiveCfg = Release|Win32
		{89CBBD54-2CE4-4D6C-BC19-03DBDBBDAB68}.Release|x86.Build.0 = Release|Win32
		{E92F2A4B-7193-49E2-B428-05DD1C3FA97B}.Debug|x64.ActiveCfg = Debug|x64
		{E92F2A4B-7193-49E2-B428-05DD1C3FA97B}.Debug|x64.Build.0 = Debug|x64
		{E92F2A4B-7193-49E2-B428-05DD1C3FA97B}.Debug|x86.ActiveCfg = Debug|Win32
		{E92F2A4B-7193-49E2-B428-05DD1C3FA97B}.Debug|x86.Build.0 = Debug|Win32
		{E92F2A4B-7193-49E2-B428-05DD1C3FA97B}.Release|x64.ActiveCfg = Release|x64
		{E92F2A4B-7193-49E2-B428-05DD1C3FA97B}.Release|x64.Build.0 = Release|x64
		{E92F2A4B-7193-49E2-B428-05DD1C3FA97B}.Release|x86.ActiveCfg = Release|Win32
		{E92F2A4B-7193-49E2-B428-05DD1C3FA97B}.Release|x86.Build.0 = Release|Win32
		{B09BF5B1-E73F-4683-954D-7230EBD23140}.Debug|x64.ActiveCfg = Debug|x64
		{B09BF5B1-E73F-4683-954D-7230EBD23140}.Debug|x64.Build.0 = Debug|x64
		{B09BF5B1-E73F-4683-954D-7230EBD23140}.Debug|x86.ActiveCfg = Debug|Win32
		{B09BF5B1-E73F-4683-954D-7230EBD23140}.Debug|x86.Build.0 = Debug|Win32
		{B09BF5B1-E73F-4683-954D-7230EBD23140}.Release|x64.ActiveCfg = Release|x64
		{B09BF5B1-E73F-4683-954D-7230EBD23140}.Release|x64.Build.0 = Release|x64
		{B09BF5B1-E73F-4683-954D-7230EBD23140}.Release|x86.ActiveCfg = Release|Win32
		{B09BF5B1-E73F-4683-954D-7230EBD23140}.Release|x86.Build.0 = Release|Win32
		{65F08927-1237-46D5-8A49-238BCC7254FE}.Debug|x64.ActiveCfg = Debug|x64
		{65F08927-1237-46D5-8A49-238BCC7254FE}.Debug|x64.Build.0 = Debug|x64
		{65F08927-1237-46D5-8A49-238BCC7254FE}.Debug|x86.ActiveCfg = Debug|Win32
		{65F08927-1237-46D5-8A49-238BCC7254FE}.Debug|x86.Build.0 = Debug|Win32
		{65F08927-1237-46D5-8A49-238BCC7254FE}.Release|x64.ActiveCfg = Release|x64
		{65F08927-1237-46D5-8A49-238BCC7254FE}.Release|x64.Build.0 = Release|x64
		{65F08927-1237-46D5-8A49-238BCC7254FE}.Release|x86.ActiveCfg = Release|Win32
		{65F08927-1237-46D5-8A49-238BCC7254FE}.Release|x86.Build.0 = Release|Win32
		{00724E4B-E10C-4673-A95E-D0C9F8AE8B4F}.Debug|x64.ActiveCfg = Debug|x64
		{00724E4B-E10C-4673-A95E-D0C9F8AE8B4F}.Debug|x64.Build.0 = Debug|x64
		{00724E4B-E10C-4673-A95E-D0C9F8AE8B4F}.Debug|x86.ActiveCfg = Debug|Win32
		{00724E4B-E10C-4673-A95E-D0C9F8AE8B4F}.Debug|x86.Build.0 = Debug|Win32
		{00724E4B-E10C-4673-A95E-D0C9F8AE8B4F}.Release|x64.ActiveCfg = Release|x64
		{00724E4B-E10C-4673-A95E-D0C9F8AE8B4F}.Release|x64.Build.0 = Release|x64
		{00724E4B-E10C-4673-A95E-D0C9F8AE8B4F}.Release|x86.ActiveCfg = Release|Win32
		{00724E4B-E10C-4673-A95E-D0C9F8AE8B4F}.Release|x86.Build.0 = Release|Win32
		{12728250-16EC-4DC6-94D7-E21DD88947F8}.Debug|x64.ActiveCfg = Debug|x64
		{12728250-16EC-4DC6-94D7-E21DD88947F8}.Debug|x64.Build.0 = Debug|x64
		{12728250-16EC-4DC6-94D7-E21DD88947F8}.Debug|x86.ActiveCfg = Debug|Win32
		{12728250-16EC-4DC6-94D7-E21DD88947F8}.Debug|x86.Build.0 = Debug|Win32
		{12728250-16EC-4DC6-94D7-E21DD88947F8}.Release|x64.ActiveCfg = Release|x64
		{12728250-16EC-4DC6-94D7-E21DD88947F8}.Release|x64.Build.0 = Release|x64
		{12728250-16EC-4DC6-94D7-E21DD88947F8}.Release|x86.ActiveCfg = Release|Win32
		{12728250-16EC-4DC6-94D7-E21DD88947F8}.Release|x86.Build.0 = Release|Win32
		{745DEC58-EBB3-47A9-A9B8-4C6627C01BF8}.Debug|x64.ActiveCfg = Debug|x64
		{745DEC58-EBB3-47A9-A9B8-4C6627C01BF8}.Debug|x64.Build.0 = Debug|x64
		{745DEC58-EBB3-47A9-A9B8-4C6627C01BF8}.Debug|x86.ActiveCfg = Debug|Win32
		{745DEC58-EBB3-47A9-A9B8-4C6627C01BF8}.Debug|x86.Build.0 = Debug|Win32
		{745DEC58-EBB3-47A9-A9B8-4C6627C01BF8}.Release|x64.ActiveCfg = Release|x64
		{745DEC58-EBB3-47A9-A9B8-4C6627C01BF8}.Release|x64.Build.0 = Release|x64
		{745DEC58-EBB3-47A9-A9B8-4C6627C01BF8}.Release|x86.ActiveCfg = Release|Win32
		{745DEC58-EBB3-47A9-A9B8-4C6627C01BF8}.Release|x86.Build.0 = Release|Win32
		{A2B829CF-8B98-4D37-9A16-A35534057832}.Debug|x64.ActiveCfg = Debug|x64
		{A2B829CF-8B98-4D37-9A16-A35534057832}.Debug|x64.Build.0 = Debug|x64
		{A2B829CF-8B98-4D37-9A16-A35534057832}.Debug|x86.ActiveCfg = Debug|Win32
		{A2B829CF-8B98-4D37-9A16-A35534057832}.Debug|x86.Build.0 = Debug|Win32
		{A2B829CF-8B98-4D37-9A16-A35534057832}.Release|x64.ActiveCfg = Release|x64
		{A2B829CF-8B98-4D37-9A16-A35534057832}.Release|x64.Build.0 = Release|x64
		{A2B829CF-8B98-4D37-9A16-A35534057832}.Release|x86.ActiveCfg = Release|Win32
		{A2B829CF-8B98-4D37-9A16-A35534057832}.Release|x86.Build.0 = Release|Win32
	EndGlobalSection
	GlobalSection(SolutionProperties) = preSolution
		HideSolutionNode = FALSE
	EndGlobalSection
EndGlobal
